
Microsoft Visual Studio Solution File, Format Version 12.00
# Visual Studio 14
VisualStudioVersion = 14.0.25420.1
MinimumVisualStudioVersion = 10.0.40219.1
Project("{FAE04EC0-301F-11D3-BF4B-00C04F79EFBC}") = "OpenCoverTest2", "OpenCoverTest2\OpenCoverTest2.csproj", "{9B69BC53-ADC8-437D-BC63-737404AB82EB}"
EndProject
Project("{FAE04EC0-301F-11D3-BF4B-00C04F79EFBC}") = "ClassLibrary", "ClassLibrary\ClassLibrary.csproj", "{9FAE0BE2-AD99-45EC-87E4-4A64C175174F}"
EndProject
Global
	GlobalSection(SolutionConfigurationPlatforms) = preSolution
		Debug|Any CPU = Debug|Any CPU
		Release|Any CPU = Release|Any CPU
	EndGlobalSection
	GlobalSection(ProjectConfigurationPlatforms) = postSolution
		{9B69BC53-ADC8-437D-BC63-737404AB82EB}.Debug|Any CPU.ActiveCfg = Debug|Any CPU
		{9B69BC53-ADC8-437D-BC63-737404AB82EB}.Debug|Any CPU.Build.0 = Debug|Any CPU
		{9B69BC53-ADC8-437D-BC63-737404AB82EB}.Release|Any CPU.ActiveCfg = Release|Any CPU
		{9B69BC53-ADC8-437D-BC63-737404AB82EB}.Release|Any CPU.Build.0 = Release|Any CPU
		{9FAE0BE2-AD99-45EC-87E4-4A64C175174F}.Debug|Any CPU.ActiveCfg = Debug|Any CPU
		{9FAE0BE2-AD99-45EC-87E4-4A64C175174F}.Debug|Any CPU.Build.0 = Debug|Any CPU
		{9FAE0BE2-AD99-45EC-87E4-4A64C175174F}.Release|Any CPU.ActiveCfg = Release|Any CPU
		{9FAE0BE2-AD99-45EC-87E4-4A64C175174F}.Release|Any CPU.Build.0 = Release|Any CPU
	EndGlobalSection
	GlobalSection(SolutionProperties) = preSolution
		HideSolutionNode = FALSE
	EndGlobalSection
EndGlobal
